# THIS IS AN AUTOGENERATED FILE. DO NOT EDIT THIS FILE DIRECTLY.
# yarn lockfile v1


"@mach-34/noir-bignum-paramgen@^1.0.2":
  version "1.0.2"
  resolved "https://registry.yarnpkg.com/@mach-34/noir-bignum-paramgen/-/noir-bignum-paramgen-1.0.2.tgz#9928bd1bc97ed67df654eda836a04ee9640a4761"
  integrity sha512-80+8KcYR4RNxgYGBaJkZlmSDLUJcj0QIpKWUCUrShjqIQh4LGKi/dgf6JdziEzDVxKr4AkmCkA7pdwLcsD5xag==

"@noir-lang/acvm_js@1.0.0-beta.1":
  version "1.0.0-beta.1"
  resolved "https://registry.yarnpkg.com/@noir-lang/acvm_js/-/acvm_js-1.0.0-beta.1.tgz#d10cda3232bdbc307266ab6efdcc51a9b700679b"
  integrity sha512-4lWC543pScZ+NG8hqB0xOLfdgqCQJaclrdQ8GVIj7jwZ8mS982XV97IKfglqgE7Ovcik2j8QRHZq5FaVR/Bn9w==

"@noir-lang/noir_js@^1.0.0-beta.1":
  version "1.0.0-beta.1"
  resolved "https://registry.yarnpkg.com/@noir-lang/noir_js/-/noir_js-1.0.0-beta.1.tgz#ae115dc07da38e8c8900d4a3c952642f5ec49811"
  integrity sha512-QiRHYKkuHDPWdEhuU3SCUAuOZm0KR766S+Pd0nKpRfAcX1p5MDEDS9ij8me3CTAIhVb/VHNx25zUE/i4zs1sDg==
  dependencies:
    "@noir-lang/acvm_js" "1.0.0-beta.1"
    "@noir-lang/noirc_abi" "1.0.0-beta.1"
    "@noir-lang/types" "1.0.0-beta.1"

"@noir-lang/noirc_abi@1.0.0-beta.1":
  version "1.0.0-beta.1"
  resolved "https://registry.yarnpkg.com/@noir-lang/noirc_abi/-/noirc_abi-1.0.0-beta.1.tgz#8ecd9a9408aafba275b889b845cba77386742148"
  integrity sha512-Me2LrH57YZl47UvHnzPd02pw8H9snJLob6dv6clbFB7ac6Y8jZvH/YhNGOejgj1fudr/J/V6o+YZaf4oLpxtMg==
  dependencies:
    "@noir-lang/types" "1.0.0-beta.1"

"@noir-lang/types@1.0.0-beta.1":
  version "1.0.0-beta.1"
  resolved "https://registry.yarnpkg.com/@noir-lang/types/-/types-1.0.0-beta.1.tgz#4fe9062a8209c9e0987cc41c9506cc4423004b8f"
  integrity sha512-rcisXDdKNLA7mh0Ll9j3MGG5BP3W52K3Owr0+opJhs+4jHoAx1Gb5vGNG9s6nYb2i21VZMgOzKVvBd25ck0b9w==
